{
  "originHash" : "221ad68390635d088c3261967424b9d3f22c429ccf44c579b3d89c03a3d19f8f",
  "pins" : [
    {
      "identity" : "dtcoretext",
      "kind" : "remoteSourceControl",
      "location" : "https://github.com/Cocoanetics/DTCoreText.git",
      "state" : {
        "revision" : "c0fe041c87c773321785d68a10c63c29a9c763e8",
        "version" : "1.6.28"
      }
    },
    {
      "identity" : "dtfoundation",
      "kind" : "remoteSourceControl",
      "location" : "https://github.com/Cocoanetics/DTFoundation.git",
      "state" : {
        "revision" : "a61be65dd7d5b2cde3acabd13bf320b71f2907a5",
        "version" : "1.7.19"
      }
    },
    {
      "identity" : "kanna",
      "kind" : "remoteSourceControl",
      "location" : "https://github.com/tid-kijyun/Kanna.git",
      "state" : {
        "revision" : "3c73af6d3859d9240db60aef233941a715387744",
        "version" : "6.1.0"
      }
    },
    {
      "identity" : "kingfisher",
      "kind" : "remoteSourceControl",
      "location" : "https://github.com/onevcat/Kingfisher.git",
      "state" : {
        "revision" : "c152c1915f60c51e4afa0752656993ee5b3c63db",
        "version" : "8.8.1"
      }
    },
    {
      "identity" : "photobrowser",
      "kind" : "remoteSourceControl",
      "location" : "https://github.com/JiongXing/PhotoBrowser.git",
      "state" : {
        "revision" : "f70648e0e69c9104e14a6135a337102284730304",
        "version" : "4.0.3"
      }
    },
    {
      "identity" : "swiftdraw",
      "kind" : "remoteSourceControl",
      "location" : "https://github.com/swhitty/SwiftDraw.git",
      "state" : {
        "revision" : "776456051ea2b099343e18ed8a53fca9dd2e9807",
        "version" : "0.27.0"
      }
    },
    {
      "identity" : "texture",
      "kind" : "remoteSourceControl",
      "location" : "https://github.com/FluidGroup/Texture.git",
      "state" : {
        "revision" : "9620825e5f97dfbd1ce653443e5165d5eb405b9b",
        "version" : "3.0.4"
      }
    }
  ],
  "version" : 3
}
