// !$*UTF8*$!
{
	archiveVersion = 1;
	classes = {
	};
	objectVersion = 77;
	objects = {

/* Begin PBXBuildFile section */
		7A1000012FA0000000000001 /* Kanna in Frameworks */ = {isa = PBXBuildFile; productRef = 7A1000022FA0000000000001 /* Kanna */; };
		7A1000042FA0000000000001 /* AsyncDisplayKit in Frameworks */ = {isa = PBXBuildFile; productRef = 7A1000052FA0000000000001 /* AsyncDisplayKit */; };
		7A1000092FA0000000000001 /* Kingfisher in Frameworks */ = {isa = PBXBuildFile; productRef = 7A1000082FA0000000000001 /* Kingfisher */; };
		7A10000C2FA0000000000001 /* SwiftDraw in Frameworks */ = {isa = PBXBuildFile; productRef = 7A10000B2FA0000000000001 /* SwiftDraw */; };
		7A1000152FA0000000000001 /* JXPhotoBrowser in Frameworks */ = {isa = PBXBuildFile; productRef = 7A1000172FA0000000000001 /* JXPhotoBrowser */; };
		7A1000182FA0000000000001 /* DTCoreText in Frameworks */ = {isa = PBXBuildFile; productRef = 7A1000192FA0000000000001 /* DTCoreText */; };
/* End PBXBuildFile section */

/* Begin PBXContainerItemProxy section */
		5CD3D9682F9EFAD0008DB075 /* PBXContainerItemProxy */ = {
			isa = PBXContainerItemProxy;
			containerPortal = 5CD3D9492F9EFACE008DB075 /* Project object */;
			proxyType = 1;
			remoteGlobalIDString = 5CD3D9502F9EFACE008DB075;
			remoteInfo = nodeseek;
		};
/* End PBXContainerItemProxy section */

/* Begin PBXFileReference section */
		5CD3D9512F9EFACE008DB075 /* nodeseek.app */ = {isa = PBXFileReference; explicitFileType = wrapper.application; includeInIndex = 0; path = nodeseek.app; sourceTree = BUILT_PRODUCTS_DIR; };
		5CD3D9672F9EFAD0008DB075 /* nodeseekTests.xctest */ = {isa = PBXFileReference; explicitFileType = wrapper.cfbundle; includeInIndex = 0; path = nodeseekTests.xctest; sourceTree = BUILT_PRODUCTS_DIR; };
/* End PBXFileReference section */

/* Begin PBXFileSystemSynchronizedBuildFileExceptionSet section */
		5CD3D9792F9EFAD0008DB075 /* Exceptions for "nodeseek" folder in "nodeseek" target */ = {
			isa = PBXFileSystemSynchronizedBuildFileExceptionSet;
			membershipExceptions = (
				Resources/Info.plist,
			);
			target = 5CD3D9502F9EFACE008DB075 /* nodeseek */;
		};
/* End PBXFileSystemSynchronizedBuildFileExceptionSet section */

/* Begin PBXFileSystemSynchronizedRootGroup section */
		5CD3D9532F9EFACE008DB075 /* nodeseek */ = {
			isa = PBXFileSystemSynchronizedRootGroup;
			exceptions = (
				5CD3D9792F9EFAD0008DB075 /* Exceptions for "nodeseek" folder in "nodeseek" target */,
			);
			path = nodeseek;
			sourceTree = "<group>";
		};
		5CD3D96A2F9EFAD0008DB075 /* nodeseekTests */ = {
			isa = PBXFileSystemSynchronizedRootGroup;
			path = nodeseekTests;
			sourceTree = "<group>";
		};
/* End PBXFileSystemSynchronizedRootGroup section */

/* Begin PBXFrameworksBuildPhase section */
		5CD3D94E2F9EFACE008DB075 /* Frameworks */ = {
			isa = PBXFrameworksBuildPhase;
			buildActionMask = 2147483647;
			files = (
				7A1000012FA0000000000001 /* Kanna in Frameworks */,
				7A1000042FA0000000000001 /* AsyncDisplayKit in Frameworks */,
				7A1000092FA0000000000001 /* Kingfisher in Frameworks */,
				7A10000C2FA0000000000001 /* SwiftDraw in Frameworks */,
				7A1000152FA0000000000001 /* JXPhotoBrowser in Frameworks */,
				7A1000182FA0000000000001 /* DTCoreText in Frameworks */,
			);
			runOnlyForDeploymentPostprocessing = 0;
		};
		5CD3D9642F9EFAD0008DB075 /* Frameworks */ = {
			isa = PBXFrameworksBuildPhase;
			buildActionMask = 2147483647;
			files = (
			);
			runOnlyForDeploymentPostprocessing = 0;
		};
/* End PBXFrameworksBuildPhase section */

/* Begin PBXGroup section */
		5CD3D9482F9EFACE008DB075 = {
			isa = PBXGroup;
			children = (
				5CD3D9532F9EFACE008DB075 /* nodeseek */,
				5CD3D96A2F9EFAD0008DB075 /* nodeseekTests */,
				5CD3D9522F9EFACE008DB075 /* Products */,
			);
			sourceTree = "<group>";
		};
		5CD3D9522F9EFACE008DB075 /* Products */ = {
			isa = PBXGroup;
			children = (
				5CD3D9512F9EFACE008DB075 /* nodeseek.app */,
				5CD3D9672F9EFAD0008DB075 /* nodeseekTests.xctest */,
			);
			name = Products;
			sourceTree = "<group>";
		};
/* End PBXGroup section */

/* Begin PBXNativeTarget section */
		5CD3D9502F9EFACE008DB075 /* nodeseek */ = {
			isa = PBXNativeTarget;
			buildConfigurationList = 5CD3D97A2F9EFAD0008DB075 /* Build configuration list for PBXNativeTarget "nodeseek" */;
			buildPhases = (
				5CD3D94D2F9EFACE008DB075 /* Sources */,
				5CD3D94E2F9EFACE008DB075 /* Frameworks */,
				5CD3D94F2F9EFACE008DB075 /* Resources */,
			);
			buildRules = (
			);
			dependencies = (
			);
			fileSystemSynchronizedGroups = (
				5CD3D9532F9EFACE008DB075 /* nodeseek */,
			);
			name = nodeseek;
			packageProductDependencies = (
				7A1000022FA0000000000001 /* Kanna */,
				7A1000052FA0000000000001 /* AsyncDisplayKit */,
				7A1000082FA0000000000001 /* Kingfisher */,
				7A10000B2FA0000000000001 /* SwiftDraw */,
				7A1000172FA0000000000001 /* JXPhotoBrowser */,
				7A1000192FA0000000000001 /* DTCoreText */,
			);
			productName = nodeseek;
			productReference = 5CD3D9512F9EFACE008DB075 /* nodeseek.app */;
			productType = "com.apple.product-type.application";
		};
		5CD3D9662F9EFAD0008DB075 /* nodeseekTests */ = {
			isa = PBXNativeTarget;
			buildConfigurationList = 5CD3D97F2F9EFAD0008DB075 /* Build configuration list for PBXNativeTarget "nodeseekTests" */;
			buildPhases = (
				5CD3D9632F9EFAD0008DB075 /* Sources */,
				5CD3D9642F9EFAD0008DB075 /* Frameworks */,
				5CD3D9652F9EFAD0008DB075 /* Resources */,
			);
			buildRules = (
			);
			dependencies = (
				5CD3D9692F9EFAD0008DB075 /* PBXTargetDependency */,
			);
			fileSystemSynchronizedGroups = (
				5CD3D96A2F9EFAD0008DB075 /* nodeseekTests */,
			);
			name = nodeseekTests;
			packageProductDependencies = (
			);
			productName = nodeseekTests;
			productReference = 5CD3D9672F9EFAD0008DB075 /* nodeseekTests.xctest */;
			productType = "com.apple.product-type.bundle.unit-test";
		};
/* End PBXNativeTarget section */

/* Begin PBXProject section */
		5CD3D9492F9EFACE008DB075 /* Project object */ = {
			isa = PBXProject;
			attributes = {
				BuildIndependentTargetsInParallel = 1;
				LastSwiftUpdateCheck = 2630;
				LastUpgradeCheck = 2630;
				TargetAttributes = {
					5CD3D9502F9EFACE008DB075 = {
						CreatedOnToolsVersion = 26.3;
					};
					5CD3D9662F9EFAD0008DB075 = {
						CreatedOnToolsVersion = 26.3;
						TestTargetID = 5CD3D9502F9EFACE008DB075;
					};
				};
			};
			buildConfigurationList = 5CD3D94C2F9EFACE008DB075 /* Build configuration list for PBXProject "nodeseek" */;
			developmentRegion = en;
			hasScannedForEncodings = 0;
			knownRegions = (
				en,
				Base,
			);
			mainGroup = 5CD3D9482F9EFACE008DB075;
			minimizedProjectReferenceProxies = 1;
			packageReferences = (
				7A1000032FA0000000000001 /* XCRemoteSwiftPackageReference "Kanna" */,
				7A1000062FA0000000000001 /* XCRemoteSwiftPackageReference "Texture" */,
				7A1000072FA0000000000001 /* XCRemoteSwiftPackageReference "Kingfisher" */,
				7A10000D2FA0000000000001 /* XCRemoteSwiftPackageReference "SwiftDraw" */,
				7A1000162FA0000000000001 /* XCRemoteSwiftPackageReference "PhotoBrowser" */,
				7A10001A2FA0000000000001 /* XCRemoteSwiftPackageReference "DTCoreText" */,
			);
			preferredProjectObjectVersion = 77;
			productRefGroup = 5CD3D9522F9EFACE008DB075 /* Products */;
			projectDirPath = "";
			projectRoot = "";
			targets = (
				5CD3D9502F9EFACE008DB075 /* nodeseek */,
				5CD3D9662F9EFAD0008DB075 /* nodeseekTests */,
			);
		};
/* End PBXProject section */

/* Begin PBXResourcesBuildPhase section */
		5CD3D94F2F9EFACE008DB075 /* Resources */ = {
			isa = PBXResourcesBuildPhase;
			buildActionMask = 2147483647;
			files = (
			);
			runOnlyForDeploymentPostprocessing = 0;
		};
		5CD3D9652F9EFAD0008DB075 /* Resources */ = {
			isa = PBXResourcesBuildPhase;
			buildActionMask = 2147483647;
			files = (
			);
			runOnlyForDeploymentPostprocessing = 0;
		};
/* End PBXResourcesBuildPhase section */

/* Begin PBXSourcesBuildPhase section */
		5CD3D94D2F9EFACE008DB075 /* Sources */ = {
			isa = PBXSourcesBuildPhase;
			buildActionMask = 2147483647;
			files = (
			);
			runOnlyForDeploymentPostprocessing = 0;
		};
		5CD3D9632F9EFAD0008DB075 /* Sources */ = {
			isa = PBXSourcesBuildPhase;
			buildActionMask = 2147483647;
			files = (
			);
			runOnlyForDeploymentPostprocessing = 0;
		};
/* End PBXSourcesBuildPhase section */

/* Begin PBXTargetDependency section */
		5CD3D9692F9EFAD0008DB075 /* PBXTargetDependency */ = {
			isa = PBXTargetDependency;
			target = 5CD3D9502F9EFACE008DB075 /* nodeseek */;
			targetProxy = 5CD3D9682F9EFAD0008DB075 /* PBXContainerItemProxy */;
		};
/* End PBXTargetDependency section */

/* Begin XCBuildConfiguration section */
		5CD3D97B2F9EFAD0008DB075 /* Debug */ = {
			isa = XCBuildConfiguration;
			buildSettings = {
				ASSETCATALOG_COMPILER_APPICON_NAME = AppIcon;
				ASSETCATALOG_COMPILER_GLOBAL_ACCENT_COLOR_NAME = AccentColor;
				CODE_SIGN_STYLE = Automatic;
				CURRENT_PROJECT_VERSION = 1;
				DEVELOPMENT_TEAM = Z9K94479DQ;
				GENERATE_INFOPLIST_FILE = YES;
				INFOPLIST_FILE = nodeseek/Resources/Info.plist;
				INFOPLIST_KEY_UIApplicationSupportsIndirectInputEvents = YES;
				INFOPLIST_KEY_UISupportedInterfaceOrientations_iPad = "UIInterfaceOrientationPortrait UIInterfaceOrientationPortraitUpsideDown UIInterfaceOrientationLandscapeLeft UIInterfaceOrientationLandscapeRight";
				INFOPLIST_KEY_UISupportedInterfaceOrientations_iPhone = "UIInterfaceOrientationPortrait UIInterfaceOrientationLandscapeLeft UIInterfaceOrientationLandscapeRight";
				LD_RUNPATH_SEARCH_PATHS = (
					"$(inherited)",
					"@executable_path/Frameworks",
				);
				MARKETING_VERSION = 1.0;
				OTHER_LDFLAGS = "$(inherited) -lsqlite3";
				PRODUCT_BUNDLE_IDENTIFIER = com.mistj.nodeseek;
				PRODUCT_NAME = "$(TARGET_NAME)";
				STRING_CATALOG_GENERATE_SYMBOLS = YES;
				SWIFT_APPROACHABLE_CONCURRENCY = YES;
				SWIFT_DEFAULT_ACTOR_ISOLATION = MainActor;
				SWIFT_EMIT_LOC_STRINGS = YES;
				SWIFT_UPCOMING_FEATURE_MEMBER_IMPORT_VISIBILITY = YES;
				SWIFT_VERSION = 5.0;
				TARGETED_DEVICE_FAMILY = "1,2";
			};
			name = Debug;
		};
		5CD3D97C2F9EFAD0008DB075 /* Release */ = {
			isa = XCBuildConfiguration;
			buildSettings = {
				ASSETCATALOG_COMPILER_APPICON_NAME = AppIcon;
				ASSETCATALOG_COMPILER_GLOBAL_ACCENT_COLOR_NAME = AccentColor;
				CODE_SIGN_STYLE = Automatic;
				CURRENT_PROJECT_VERSION = 1;
				DEVELOPMENT_TEAM = Z9K94479DQ;
				GENERATE_INFOPLIST_FILE = YES;
				INFOPLIST_FILE = nodeseek/Resources/Info.plist;
				INFOPLIST_KEY_UIApplicationSupportsIndirectInputEvents = YES;
				INFOPLIST_KEY_UISupportedInterfaceOrientations_iPad = "UIInterfaceOrientationPortrait UIInterfaceOrientationPortraitUpsideDown UIInterfaceOrientationLandscapeLeft UIInterfaceOrientationLandscapeRight";
				INFOPLIST_KEY_UISupportedInterfaceOrientations_iPhone = "UIInterfaceOrientationPortrait UIInterfaceOrientationLandscapeLeft UIInterfaceOrientationLandscapeRight";
				LD_RUNPATH_SEARCH_PATHS = (
					"$(inherited)",
					"@executable_path/Frameworks",
				);
				MARKETING_VERSION = 1.0;
				OTHER_LDFLAGS = "$(inherited) -lsqlite3";
				PRODUCT_BUNDLE_IDENTIFIER = com.mistj.nodeseek;
				PRODUCT_NAME = "$(TARGET_NAME)";
				STRING_CATALOG_GENERATE_SYMBOLS = YES;
				SWIFT_APPROACHABLE_CONCURRENCY = YES;
				SWIFT_DEFAULT_ACTOR_ISOLATION = MainActor;
				SWIFT_EMIT_LOC_STRINGS = YES;
				SWIFT_UPCOMING_FEATURE_MEMBER_IMPORT_VISIBILITY = YES;
				SWIFT_VERSION = 5.0;
				TARGETED_DEVICE_FAMILY = "1,2";
			};
			name = Release;
		};
		5CD3D97D2F9EFAD0008DB075 /* Debug */ = {
			isa = XCBuildConfiguration;
			buildSettings = {
				ALWAYS_SEARCH_USER_PATHS = NO;
				ASSETCATALOG_COMPILER_GENERATE_SWIFT_ASSET_SYMBOL_EXTENSIONS = YES;
				CLANG_ANALYZER_NONNULL = YES;
				CLANG_ANALYZER_NUMBER_OBJECT_CONVERSION = YES_AGGRESSIVE;
				CLANG_CXX_LANGUAGE_STANDARD = "gnu++20";
				CLANG_ENABLE_MODULES = YES;
				CLANG_ENABLE_OBJC_ARC = YES;
				CLANG_ENABLE_OBJC_WEAK = YES;
				CLANG_WARN_BLOCK_CAPTURE_AUTORELEASING = YES;
				CLANG_WARN_BOOL_CONVERSION = YES;
				CLANG_WARN_COMMA = YES;
				CLANG_WARN_CONSTANT_CONVERSION = YES;
				CLANG_WARN_DEPRECATED_OBJC_IMPLEMENTATIONS = YES;
				CLANG_WARN_DIRECT_OBJC_ISA_USAGE = YES_ERROR;
				CLANG_WARN_DOCUMENTATION_COMMENTS = YES;
				CLANG_WARN_EMPTY_BODY = YES;
				CLANG_WARN_ENUM_CONVERSION = YES;
				CLANG_WARN_INFINITE_RECURSION = YES;
				CLANG_WARN_INT_CONVERSION = YES;
				CLANG_WARN_NON_LITERAL_NULL_CONVERSION = YES;
				CLANG_WARN_OBJC_IMPLICIT_RETAIN_SELF = YES;
				CLANG_WARN_OBJC_LITERAL_CONVERSION = YES;
				CLANG_WARN_OBJC_ROOT_CLASS = YES_ERROR;
				CLANG_WARN_QUOTED_INCLUDE_IN_FRAMEWORK_HEADER = YES;
				CLANG_WARN_RANGE_LOOP_ANALYSIS = YES;
				CLANG_WARN_STRICT_PROTOTYPES = YES;
				CLANG_WARN_SUSPICIOUS_MOVE = YES;
				CLANG_WARN_UNGUARDED_AVAILABILITY = YES_AGGRESSIVE;
				CLANG_WARN_UNREACHABLE_CODE = YES;
				CLANG_WARN__DUPLICATE_METHOD_MATCH = YES;
				COPY_PHASE_STRIP = NO;
				DEBUG_INFORMATION_FORMAT = dwarf;
				DEVELOPMENT_TEAM = Z9K94479DQ;
				ENABLE_STRICT_OBJC_MSGSEND = YES;
				ENABLE_TESTABILITY = YES;
				ENABLE_USER_SCRIPT_SANDBOXING = YES;
				GCC_C_LANGUAGE_STANDARD = gnu17;
				GCC_DYNAMIC_NO_PIC = NO;
				GCC_NO_COMMON_BLOCKS = YES;
				GCC_OPTIMIZATION_LEVEL = 0;
				GCC_PREPROCESSOR_DEFINITIONS = (
					"DEBUG=1",
					"$(inherited)",
				);
				GCC_WARN_64_TO_32_BIT_CONVERSION = YES;
				GCC_WARN_ABOUT_RETURN_TYPE = YES_ERROR;
				GCC_WARN_UNDECLARED_SELECTOR = YES;
				GCC_WARN_UNINITIALIZED_AUTOS = YES_AGGRESSIVE;
				GCC_WARN_UNUSED_FUNCTION = YES;
				GCC_WARN_UNUSED_VARIABLE = YES;
				IPHONEOS_DEPLOYMENT_TARGET = 26.2;
				LOCALIZATION_PREFERS_STRING_CATALOGS = YES;
				MTL_ENABLE_DEBUG_INFO = INCLUDE_SOURCE;
				MTL_FAST_MATH = YES;
				ONLY_ACTIVE_ARCH = YES;
				SDKROOT = iphoneos;
				SWIFT_ACTIVE_COMPILATION_CONDITIONS = "DEBUG $(inherited)";
				SWIFT_OPTIMIZATION_LEVEL = "-Onone";
			};
			name = Debug;
		};
		5CD3D97E2F9EFAD0008DB075 /* Release */ = {
			isa = XCBuildConfiguration;
			buildSettings = {
				ALWAYS_SEARCH_USER_PATHS = NO;
				ASSETCATALOG_COMPILER_GENERATE_SWIFT_ASSET_SYMBOL_EXTENSIONS = YES;
				CLANG_ANALYZER_NONNULL = YES;
				CLANG_ANALYZER_NUMBER_OBJECT_CONVERSION = YES_AGGRESSIVE;
				CLANG_CXX_LANGUAGE_STANDARD = "gnu++20";
				CLANG_ENABLE_MODULES = YES;
				CLANG_ENABLE_OBJC_ARC = YES;
				CLANG_ENABLE_OBJC_WEAK = YES;
				CLANG_WARN_BLOCK_CAPTURE_AUTORELEASING = YES;
				CLANG_WARN_BOOL_CONVERSION = YES;
				CLANG_WARN_COMMA = YES;
				CLANG_WARN_CONSTANT_CONVERSION = YES;
				CLANG_WARN_DEPRECATED_OBJC_IMPLEMENTATIONS = YES;
				CLANG_WARN_DIRECT_OBJC_ISA_USAGE = YES_ERROR;
				CLANG_WARN_DOCUMENTATION_COMMENTS = YES;
				CLANG_WARN_EMPTY_BODY = YES;
				CLANG_WARN_ENUM_CONVERSION = YES;
				CLANG_WARN_INFINITE_RECURSION = YES;
				CLANG_WARN_INT_CONVERSION = YES;
				CLANG_WARN_NON_LITERAL_NULL_CONVERSION = YES;
				CLANG_WARN_OBJC_IMPLICIT_RETAIN_SELF = YES;
				CLANG_WARN_OBJC_LITERAL_CONVERSION = YES;
				CLANG_WARN_OBJC_ROOT_CLASS = YES_ERROR;
				CLANG_WARN_QUOTED_INCLUDE_IN_FRAMEWORK_HEADER = YES;
				CLANG_WARN_RANGE_LOOP_ANALYSIS = YES;
				CLANG_WARN_STRICT_PROTOTYPES = YES;
				CLANG_WARN_SUSPICIOUS_MOVE = YES;
				CLANG_WARN_UNGUARDED_AVAILABILITY = YES_AGGRESSIVE;
				CLANG_WARN_UNREACHABLE_CODE = YES;
				CLANG_WARN__DUPLICATE_METHOD_MATCH = YES;
				COPY_PHASE_STRIP = NO;
				DEBUG_INFORMATION_FORMAT = "dwarf-with-dsym";
				DEVELOPMENT_TEAM = Z9K94479DQ;
				ENABLE_NS_ASSERTIONS = NO;
				ENABLE_STRICT_OBJC_MSGSEND = YES;
				ENABLE_USER_SCRIPT_SANDBOXING = YES;
				GCC_C_LANGUAGE_STANDARD = gnu17;
				GCC_NO_COMMON_BLOCKS = YES;
				GCC_WARN_64_TO_32_BIT_CONVERSION = YES;
				GCC_WARN_ABOUT_RETURN_TYPE = YES_ERROR;
				GCC_WARN_UNDECLARED_SELECTOR = YES;
				GCC_WARN_UNINITIALIZED_AUTOS = YES_AGGRESSIVE;
				GCC_WARN_UNUSED_FUNCTION = YES;
				GCC_WARN_UNUSED_VARIABLE = YES;
				IPHONEOS_DEPLOYMENT_TARGET = 26.2;
				LOCALIZATION_PREFERS_STRING_CATALOGS = YES;
				MTL_ENABLE_DEBUG_INFO = NO;
				MTL_FAST_MATH = YES;
				SDKROOT = iphoneos;
				SWIFT_COMPILATION_MODE = wholemodule;
				VALIDATE_PRODUCT = YES;
			};
			name = Release;
		};
		5CD3D9802F9EFAD0008DB075 /* Debug */ = {
			isa = XCBuildConfiguration;
			buildSettings = {
				BUNDLE_LOADER = "$(TEST_HOST)";
				CODE_SIGN_STYLE = Automatic;
				CURRENT_PROJECT_VERSION = 1;
				DEVELOPMENT_TEAM = Z9K94479DQ;
				GENERATE_INFOPLIST_FILE = YES;
				IPHONEOS_DEPLOYMENT_TARGET = 26.2;
				MARKETING_VERSION = 1.0;
				PRODUCT_BUNDLE_IDENTIFIER = com.mistj.nodeseekTests;
				PRODUCT_NAME = "$(TARGET_NAME)";
				STRING_CATALOG_GENERATE_SYMBOLS = NO;
				SWIFT_APPROACHABLE_CONCURRENCY = YES;
				SWIFT_EMIT_LOC_STRINGS = NO;
				SWIFT_UPCOMING_FEATURE_MEMBER_IMPORT_VISIBILITY = YES;
				SWIFT_VERSION = 5.0;
				TARGETED_DEVICE_FAMILY = "1,2";
				TEST_HOST = "$(BUILT_PRODUCTS_DIR)/nodeseek.app/$(BUNDLE_EXECUTABLE_FOLDER_PATH)/nodeseek";
			};
			name = Debug;
		};
		5CD3D9812F9EFAD0008DB075 /* Release */ = {
			isa = XCBuildConfiguration;
			buildSettings = {
				BUNDLE_LOADER = "$(TEST_HOST)";
				CODE_SIGN_STYLE = Automatic;
				CURRENT_PROJECT_VERSION = 1;
				DEVELOPMENT_TEAM = Z9K94479DQ;
				GENERATE_INFOPLIST_FILE = YES;
				IPHONEOS_DEPLOYMENT_TARGET = 26.2;
				MARKETING_VERSION = 1.0;
				PRODUCT_BUNDLE_IDENTIFIER = com.mistj.nodeseekTests;
				PRODUCT_NAME = "$(TARGET_NAME)";
				STRING_CATALOG_GENERATE_SYMBOLS = NO;
				SWIFT_APPROACHABLE_CONCURRENCY = YES;
				SWIFT_EMIT_LOC_STRINGS = NO;
				SWIFT_UPCOMING_FEATURE_MEMBER_IMPORT_VISIBILITY = YES;
				SWIFT_VERSION = 5.0;
				TARGETED_DEVICE_FAMILY = "1,2";
				TEST_HOST = "$(BUILT_PRODUCTS_DIR)/nodeseek.app/$(BUNDLE_EXECUTABLE_FOLDER_PATH)/nodeseek";
			};
			name = Release;
		};
/* End XCBuildConfiguration section */

/* Begin XCConfigurationList section */
		5CD3D94C2F9EFACE008DB075 /* Build configuration list for PBXProject "nodeseek" */ = {
			isa = XCConfigurationList;
			buildConfigurations = (
				5CD3D97D2F9EFAD0008DB075 /* Debug */,
				5CD3D97E2F9EFAD0008DB075 /* Release */,
			);
			defaultConfigurationIsVisible = 0;
			defaultConfigurationName = Release;
		};
		5CD3D97A2F9EFAD0008DB075 /* Build configuration list for PBXNativeTarget "nodeseek" */ = {
			isa = XCConfigurationList;
			buildConfigurations = (
				5CD3D97B2F9EFAD0008DB075 /* Debug */,
				5CD3D97C2F9EFAD0008DB075 /* Release */,
			);
			defaultConfigurationIsVisible = 0;
			defaultConfigurationName = Release;
		};
		5CD3D97F2F9EFAD0008DB075 /* Build configuration list for PBXNativeTarget "nodeseekTests" */ = {
			isa = XCConfigurationList;
			buildConfigurations = (
				5CD3D9802F9EFAD0008DB075 /* Debug */,
				5CD3D9812F9EFAD0008DB075 /* Release */,
			);
			defaultConfigurationIsVisible = 0;
			defaultConfigurationName = Release;
		};
/* End XCConfigurationList section */

/* Begin XCRemoteSwiftPackageReference section */
		7A1000032FA0000000000001 /* XCRemoteSwiftPackageReference "Kanna" */ = {
			isa = XCRemoteSwiftPackageReference;
			repositoryURL = "https://github.com/tid-kijyun/Kanna.git";
			requirement = {
				kind = upToNextMajorVersion;
				minimumVersion = 6.0.0;
			};
		};
		7A1000062FA0000000000001 /* XCRemoteSwiftPackageReference "Texture" */ = {
			isa = XCRemoteSwiftPackageReference;
			repositoryURL = "https://github.com/FluidGroup/Texture.git";
			requirement = {
				kind = upToNextMajorVersion;
				minimumVersion = 3.0.4;
			};
		};
		7A1000072FA0000000000001 /* XCRemoteSwiftPackageReference "Kingfisher" */ = {
			isa = XCRemoteSwiftPackageReference;
			repositoryURL = "https://github.com/onevcat/Kingfisher.git";
			requirement = {
				kind = upToNextMajorVersion;
				minimumVersion = 8.0.0;
			};
		};
		7A10000D2FA0000000000001 /* XCRemoteSwiftPackageReference "SwiftDraw" */ = {
			isa = XCRemoteSwiftPackageReference;
			repositoryURL = "https://github.com/swhitty/SwiftDraw.git";
			requirement = {
				kind = upToNextMajorVersion;
				minimumVersion = 0.27.0;
			};
		};
		7A1000162FA0000000000001 /* XCRemoteSwiftPackageReference "PhotoBrowser" */ = {
			isa = XCRemoteSwiftPackageReference;
			repositoryURL = "https://github.com/JiongXing/PhotoBrowser.git";
			requirement = {
				kind = upToNextMajorVersion;
				minimumVersion = 4.0.0;
			};
		};
		7A10001A2FA0000000000001 /* XCRemoteSwiftPackageReference "DTCoreText" */ = {
			isa = XCRemoteSwiftPackageReference;
			repositoryURL = "https://github.com/Cocoanetics/DTCoreText.git";
			requirement = {
				kind = upToNextMajorVersion;
				minimumVersion = 1.6.28;
			};
		};
/* End XCRemoteSwiftPackageReference section */

/* Begin XCSwiftPackageProductDependency section */
		7A1000022FA0000000000001 /* Kanna */ = {
			isa = XCSwiftPackageProductDependency;
			package = 7A1000032FA0000000000001 /* XCRemoteSwiftPackageReference "Kanna" */;
			productName = Kanna;
		};
		7A1000052FA0000000000001 /* AsyncDisplayKit */ = {
			isa = XCSwiftPackageProductDependency;
			package = 7A1000062FA0000000000001 /* XCRemoteSwiftPackageReference "Texture" */;
			productName = AsyncDisplayKit;
		};
		7A1000082FA0000000000001 /* Kingfisher */ = {
			isa = XCSwiftPackageProductDependency;
			package = 7A1000072FA0000000000001 /* XCRemoteSwiftPackageReference "Kingfisher" */;
			productName = Kingfisher;
		};
		7A10000B2FA0000000000001 /* SwiftDraw */ = {
			isa = XCSwiftPackageProductDependency;
			package = 7A10000D2FA0000000000001 /* XCRemoteSwiftPackageReference "SwiftDraw" */;
			productName = SwiftDraw;
		};
		7A1000172FA0000000000001 /* JXPhotoBrowser */ = {
			isa = XCSwiftPackageProductDependency;
			package = 7A1000162FA0000000000001 /* XCRemoteSwiftPackageReference "PhotoBrowser" */;
			productName = JXPhotoBrowser;
		};
		7A1000192FA0000000000001 /* DTCoreText */ = {
			isa = XCSwiftPackageProductDependency;
			package = 7A10001A2FA0000000000001 /* XCRemoteSwiftPackageReference "DTCoreText" */;
			productName = DTCoreText;
		};
/* End XCSwiftPackageProductDependency section */
	};
	rootObject = 5CD3D9492F9EFACE008DB075 /* Project object */;
}
